
Microsoft Visual Studio Solution File, Format Version 12.00
# Visual Studio Version 17
VisualStudioVersion = 17.3.32825.248
MinimumVisualStudioVersion = 10.0.40219.1
Project("{8BC9CEB8-8B4A-11D0-8D11-00A0C91BC942}") = "Day6-Part1", "Day6-Part1.vcxproj", "{07BED197-F5EC-40AC-A45A-509718184343}"
EndProject
Global
	GlobalSection(SolutionConfigurationPlatforms) = preSolution
		Debug|x64 = Debug|x64
		Debug|x86 = Debug|x86
		Release|x64 = Release|x64
		Release|x86 = Release|x86
	EndGlobalSection
	GlobalSection(ProjectConfigurationPlatforms) = postSolution
		{07BED197-F5EC-40AC-A45A-509718184343}.Debug|x64.ActiveCfg = Debug|x64
		{07BED197-F5EC-40AC-A45A-509718184343}.Debug|x64.Build.0 = Debug|x64
		{07BED197-F5EC-40AC-A45A-509718184343}.Debug|x86.ActiveCfg = Debug|Win32
		{07BED197-F5EC-40AC-A45A-509718184343}.Debug|x86.Build.0 = Debug|Win32
		{07BED197-F5EC-40AC-A45A-509718184343}.Release|x64.ActiveCfg = Release|x64
		{07BED197-F5EC-40AC-A45A-509718184343}.Release|x64.Build.0 = Release|x64
		{07BED197-F5EC-40AC-A45A-509718184343}.Release|x86.ActiveCfg = Release|Win32
		{07BED197-F5EC-40AC-A45A-509718184343}.Release|x86.Build.0 = Release|Win32
	EndGlobalSection
	GlobalSection(SolutionProperties) = preSolution
		HideSolutionNode = FALSE
	EndGlobalSection
	GlobalSection(ExtensibilityGlobals) = postSolution
		SolutionGuid = {B48DDA2B-3EF3-4AEC-87FA-074C65A9E965}
	EndGlobalSection
EndGlobal
